bitbucket.org/bertimus9/systemstat v0.0.0-20180207000608-0eeff89b0690 h1:N9r8OBSXAgEUfho3SQtZLY8zo6E1OdOMvelvP22aVFc=
bitbucket.org/bertimus9/systemstat v0.0.0-20180207000608-0eeff89b0690/go.mod h1:Ulb78X89vxKYgdL24HMTiXYHlyHEvruOj1ZPlqeNEZM=
github.com/namsral/flag v1.7.4-pre h1:b2ScHhoCUkbsq0d2C15Mv+VU8bl8hAXV8arnWiOHNZs=
github.com/namsral/flag v1.7.4-pre/go.mod h1:OXldTctbM6SWH1K899kPZcf65KxJiD7MsceFUpB5yDo=
