# This file is autogenerated, do not edit; changes may be undone by the next 'dep ensure'.


[[projects]]
  branch = "master"
  name = "bitbucket.org/bertimus9/systemstat"
  packages = ["."]
  revision = "0eeff89b0690611fc32e21f0cd2e4434abf8fe53"

[solve-meta]
  analyzer-name = "dep"
  analyzer-version = 1
  inputs-digest = "429132da00b028c49fdf69a7bd81d0b011bfd1d4220f21797f0a9169d72cf372"
  solver-name = "gps-cdcl"
  solver-version = 1
